
Microsoft Visual Studio Solution File, Format Version 12.00
# Visual Studio Version 17
VisualStudioVersion = 17.14.36429.23
MinimumVisualStudioVersion = 10.0.40219.1
Project("{2150E333-8FDC-42A3-9474-1A3956D46DE8}") = "Task0", "Task0", "{02EA681E-C7D8-13C7-8484-4AC65E1B71E8}"
EndProject
Project("{FAE04EC0-301F-11D3-BF4B-00C04F79EFBC}") = "Tyuiu.VlasenkoAE.Sprint3.Task0.V21", "Tyuiu.VlasenkoAE.Sprint3.Task0.V21\Tyuiu.VlasenkoAE.Sprint3.Task0.V21.csproj", "{B1DC0038-F339-4B12-9ED1-EB602F37340C}"
EndProject
Project("{FAE04EC0-301F-11D3-BF4B-00C04F79EFBC}") = "Tyuiu.VlasenkoAE.Sprint3.Task0.V21.Lib", "Tyuiu.VlasenkoAE.Sprint3.Task0.V21.Lib\Tyuiu.VlasenkoAE.Sprint3.Task0.V21.Lib.csproj", "{5DF8E6BA-0F4E-4410-A542-DC70634AA017}"
EndProject
Project("{FAE04EC0-301F-11D3-BF4B-00C04F79EFBC}") = "Tyuiu.VlasenkoAE.Sprint3.Task0.V21.Test", "Tyuiu.VlasenkoAE.Sprint3.Task0.V21.Test\Tyuiu.VlasenkoAE.Sprint3.Task0.V21.Test.csproj", "{1662262E-D99B-4521-B5B8-820661943E81}"
EndProject
Project("{2150E333-8FDC-42A3-9474-1A3956D46DE8}") = "Task1", "Task1", "{3F700FF9-CDEC-42E6-ACE4-FC1F7C78CFC3}"
EndProject
Project("{FAE04EC0-301F-11D3-BF4B-00C04F79EFBC}") = "Tyuiu.VlasenkoAE.Sprint3.Task1.V25", "Tyuiu.VlasenkoAE.Sprint3.Task1.V25\Tyuiu.VlasenkoAE.Sprint3.Task1.V25.csproj", "{2FC0FCF3-961E-4F34-9C2A-3B4348E2B16F}"
EndProject
Project("{FAE04EC0-301F-11D3-BF4B-00C04F79EFBC}") = "Tyuiu.VlasenkoAE.Sprint3.Task1.V25.Lib", "Tyuiu.VlasenkoAE.Sprint3.Task1.V25.Lib\Tyuiu.VlasenkoAE.Sprint3.Task1.V25.Lib.csproj", "{528AB1F4-62AE-4A05-AF1F-C9AFE6305708}"
EndProject
Project("{FAE04EC0-301F-11D3-BF4B-00C04F79EFBC}") = "Tyuiu.VlasenkoAE.Sprint3.Task1.V25.Test", "Tyuiu.VlasenkoAE.Sprint3.Task1.V25.Test\Tyuiu.VlasenkoAE.Sprint3.Task1.V25.Test.csproj", "{2D5ABE40-253E-470C-B03E-C59B7B0FB43E}"
EndProject
Global
	GlobalSection(SolutionConfigurationPlatforms) = preSolution
		Debug|Any CPU = Debug|Any CPU
		Release|Any CPU = Release|Any CPU
	EndGlobalSection
	GlobalSection(ProjectConfigurationPlatforms) = postSolution
		{B1DC0038-F339-4B12-9ED1-EB602F37340C}.Debug|Any CPU.ActiveCfg = Debug|Any CPU
		{B1DC0038-F339-4B12-9ED1-EB602F37340C}.Debug|Any CPU.Build.0 = Debug|Any CPU
		{B1DC0038-F339-4B12-9ED1-EB602F37340C}.Release|Any CPU.ActiveCfg = Release|Any CPU
		{B1DC0038-F339-4B12-9ED1-EB602F37340C}.Release|Any CPU.Build.0 = Release|Any CPU
		{5DF8E6BA-0F4E-4410-A542-DC70634AA017}.Debug|Any CPU.ActiveCfg = Debug|Any CPU
		{5DF8E6BA-0F4E-4410-A542-DC70634AA017}.Debug|Any CPU.Build.0 = Debug|Any CPU
		{5DF8E6BA-0F4E-4410-A542-DC70634AA017}.Release|Any CPU.ActiveCfg = Release|Any CPU
		{5DF8E6BA-0F4E-4410-A542-DC70634AA017}.Release|Any CPU.Build.0 = Release|Any CPU
		{1662262E-D99B-4521-B5B8-820661943E81}.Debug|Any CPU.ActiveCfg = Debug|Any CPU
		{1662262E-D99B-4521-B5B8-820661943E81}.Debug|Any CPU.Build.0 = Debug|Any CPU
		{1662262E-D99B-4521-B5B8-820661943E81}.Release|Any CPU.ActiveCfg = Release|Any CPU
		{1662262E-D99B-4521-B5B8-820661943E81}.Release|Any CPU.Build.0 = Release|Any CPU
		{2FC0FCF3-961E-4F34-9C2A-3B4348E2B16F}.Debug|Any CPU.ActiveCfg = Debug|Any CPU
		{2FC0FCF3-961E-4F34-9C2A-3B4348E2B16F}.Debug|Any CPU.Build.0 = Debug|Any CPU
		{2FC0FCF3-961E-4F34-9C2A-3B4348E2B16F}.Release|Any CPU.ActiveCfg = Release|Any CPU
		{2FC0FCF3-961E-4F34-9C2A-3B4348E2B16F}.Release|Any CPU.Build.0 = Release|Any CPU
		{528AB1F4-62AE-4A05-AF1F-C9AFE6305708}.Debug|Any CPU.ActiveCfg = Debug|Any CPU
		{528AB1F4-62AE-4A05-AF1F-C9AFE6305708}.Debug|Any CPU.Build.0 = Debug|Any CPU
		{528AB1F4-62AE-4A05-AF1F-C9AFE6305708}.Release|Any CPU.ActiveCfg = Release|Any CPU
		{528AB1F4-62AE-4A05-AF1F-C9AFE6305708}.Release|Any CPU.Build.0 = Release|Any CPU
		{2D5ABE40-253E-470C-B03E-C59B7B0FB43E}.Debug|Any CPU.ActiveCfg = Debug|Any CPU
		{2D5ABE40-253E-470C-B03E-C59B7B0FB43E}.Debug|Any CPU.Build.0 = Debug|Any CPU
		{2D5ABE40-253E-470C-B03E-C59B7B0FB43E}.Release|Any CPU.ActiveCfg = Release|Any CPU
		{2D5ABE40-253E-470C-B03E-C59B7B0FB43E}.Release|Any CPU.Build.0 = Release|Any CPU
	EndGlobalSection
	GlobalSection(SolutionProperties) = preSolution
		HideSolutionNode = FALSE
	EndGlobalSection
	GlobalSection(NestedProjects) = preSolution
		{B1DC0038-F339-4B12-9ED1-EB602F37340C} = {02EA681E-C7D8-13C7-8484-4AC65E1B71E8}
		{5DF8E6BA-0F4E-4410-A542-DC70634AA017} = {02EA681E-C7D8-13C7-8484-4AC65E1B71E8}
		{1662262E-D99B-4521-B5B8-820661943E81} = {02EA681E-C7D8-13C7-8484-4AC65E1B71E8}
		{2FC0FCF3-961E-4F34-9C2A-3B4348E2B16F} = {3F700FF9-CDEC-42E6-ACE4-FC1F7C78CFC3}
		{528AB1F4-62AE-4A05-AF1F-C9AFE6305708} = {3F700FF9-CDEC-42E6-ACE4-FC1F7C78CFC3}
		{2D5ABE40-253E-470C-B03E-C59B7B0FB43E} = {3F700FF9-CDEC-42E6-ACE4-FC1F7C78CFC3}
	EndGlobalSection
	GlobalSection(ExtensibilityGlobals) = postSolution
		SolutionGuid = {929693C5-8DB2-4CD9-9BFC-3B2F8F857F28}
	EndGlobalSection
EndGlobal
